
Microsoft Visual Studio Solution File, Format Version 12.00
# Visual Studio Version 16
VisualStudioVersion = 16.0.29519.181
MinimumVisualStudioVersion = 10.0.40219.1
Project("{9A19103F-16F7-4668-BE54-9A1E7A4F7556}") = "ProjectManagement.Infrastructure", "ProjectManagement.Infrastructure\ProjectManagement.Infrastructure.csproj", "{2B75D726-DC3C-40CF-92AF-6681BB49CF29}"
EndProject
Project("{9A19103F-16F7-4668-BE54-9A1E7A4F7556}") = "ProjectManagement.Domain", "ProjectManagement.Domain\ProjectManagement.Domain.csproj", "{5115D51D-D4B1-4F1E-9007-5FA9707DAC63}"
EndProject
Project("{9A19103F-16F7-4668-BE54-9A1E7A4F7556}") = "ProjectManagement.Application", "ProjectManagement.Application\ProjectManagement.Application.csproj", "{F7201AC1-4404-4578-A7EE-FB26BB7922CF}"
EndProject
Project("{9A19103F-16F7-4668-BE54-9A1E7A4F7556}") = "ProjectManagement.API", "ProjectManagement.API\ProjectManagement.API.csproj", "{032A9A4D-05C9-45C9-AE6B-72CBC22B9F94}"
EndProject
Project("{FAE04EC0-301F-11D3-BF4B-00C04F79EFBC}") = "ExpiredCardNotificationService", "ExpiredCardNotificationService\ExpiredCardNotificationService.csproj", "{13B91F98-8C4E-4873-841C-C1BC62A7B01B}"
EndProject
Project("{2150E333-8FDC-42A3-9474-1A3956D46DE8}") = "BackgroundService", "BackgroundService", "{CF363A07-0ABD-4244-8710-A1F2AA4922C5}"
EndProject
Global
	GlobalSection(SolutionConfigurationPlatforms) = preSolution
		Debug|Any CPU = Debug|Any CPU
		Release|Any CPU = Release|Any CPU
	EndGlobalSection
	GlobalSection(ProjectConfigurationPlatforms) = postSolution
		{2B75D726-DC3C-40CF-92AF-6681BB49CF29}.Debug|Any CPU.ActiveCfg = Debug|Any CPU
		{2B75D726-DC3C-40CF-92AF-6681BB49CF29}.Debug|Any CPU.Build.0 = Debug|Any CPU
		{2B75D726-DC3C-40CF-92AF-6681BB49CF29}.Release|Any CPU.ActiveCfg = Release|Any CPU
		{2B75D726-DC3C-40CF-92AF-6681BB49CF29}.Release|Any CPU.Build.0 = Release|Any CPU
		{5115D51D-D4B1-4F1E-9007-5FA9707DAC63}.Debug|Any CPU.ActiveCfg = Debug|Any CPU
		{5115D51D-D4B1-4F1E-9007-5FA9707DAC63}.Debug|Any CPU.Build.0 = Debug|Any CPU
		{5115D51D-D4B1-4F1E-9007-5FA9707DAC63}.Release|Any CPU.ActiveCfg = Release|Any CPU
		{5115D51D-D4B1-4F1E-9007-5FA9707DAC63}.Release|Any CPU.Build.0 = Release|Any CPU
		{F7201AC1-4404-4578-A7EE-FB26BB7922CF}.Debug|Any CPU.ActiveCfg = Debug|Any CPU
		{F7201AC1-4404-4578-A7EE-FB26BB7922CF}.Debug|Any CPU.Build.0 = Debug|Any CPU
		{F7201AC1-4404-4578-A7EE-FB26BB7922CF}.Release|Any CPU.ActiveCfg = Release|Any CPU
		{F7201AC1-4404-4578-A7EE-FB26BB7922CF}.Release|Any CPU.Build.0 = Release|Any CPU
		{032A9A4D-05C9-45C9-AE6B-72CBC22B9F94}.Debug|Any CPU.ActiveCfg = Debug|Any CPU
		{032A9A4D-05C9-45C9-AE6B-72CBC22B9F94}.Debug|Any CPU.Build.0 = Debug|Any CPU
		{032A9A4D-05C9-45C9-AE6B-72CBC22B9F94}.Release|Any CPU.ActiveCfg = Release|Any CPU
		{032A9A4D-05C9-45C9-AE6B-72CBC22B9F94}.Release|Any CPU.Build.0 = Release|Any CPU
		{13B91F98-8C4E-4873-841C-C1BC62A7B01B}.Debug|Any CPU.ActiveCfg = Debug|Any CPU
		{13B91F98-8C4E-4873-841C-C1BC62A7B01B}.Debug|Any CPU.Build.0 = Debug|Any CPU
		{13B91F98-8C4E-4873-841C-C1BC62A7B01B}.Release|Any CPU.ActiveCfg = Release|Any CPU
		{13B91F98-8C4E-4873-841C-C1BC62A7B01B}.Release|Any CPU.Build.0 = Release|Any CPU
	EndGlobalSection
	GlobalSection(SolutionProperties) = preSolution
		HideSolutionNode = FALSE
	EndGlobalSection
	GlobalSection(NestedProjects) = preSolution
		{13B91F98-8C4E-4873-841C-C1BC62A7B01B} = {CF363A07-0ABD-4244-8710-A1F2AA4922C5}
	EndGlobalSection
	GlobalSection(ExtensibilityGlobals) = postSolution
		SolutionGuid = {B20C0968-2EF1-4AD8-9113-ECBEA4BE229E}
	EndGlobalSection
EndGlobal
